Microsoft Visual Studio Solution File, Format Version 12.00
# Visual Studio 14

Project("{2150E333-8FDC-42A3-9474-1A3956D46DE8}") = "c-api", "c-api", "{17FEB8B2-F318-3E9D-A54A-36D4FFAA99E5}"
EndProject
Project("{2150E333-8FDC-42A3-9474-1A3956D46DE8}") = "cpp-api", "cpp-api", "{C3CAEB4B-099F-3A21-8DEB-C7538F3DF983}"
EndProject
Project("{2150E333-8FDC-42A3-9474-1A3956D46DE8}") = "sfml", "sfml", "{49441A21-F2B9-307C-A17E-06873DD0D484}"
EndProject
Section
EndProject
Project("{8BC9CEB8-8B4A-11D0-8D11-00A0C91BC942}") = "BodyReaderPoll", "c-api\BodyReaderPoll\BodyReaderPoll.vcxproj", "{313C4D0F-4AAD-3522-A9BA-086BB04FFB87}"
	ProjectSection(ProjectDependencies) = postProject
		{51C927C7-43D8-45E9-ABA1-036682A3FF1B} = {51C927C7-43D8-45E9-ABA1-036682A3FF1B}
	EndProjectSection
EndProject
Project("{8BC9CEB8-8B4A-11D0-8D11-00A0C91BC942}") = "ColorReaderEvent", "c-api\ColorReaderEvent\ColorReaderEvent.vcxproj", "{60026891-EE7E-3340-B51F-6BD0DEE7D07D}"
	ProjectSection(ProjectDependencies) = postProject
		{51C927C7-43D8-45E9-ABA1-036682A3FF1B} = {51C927C7-43D8-45E9-ABA1-036682A3FF1B}
	EndProjectSection
EndProject
Project("{8BC9CEB8-8B4A-11D0-8D11-00A0C91BC942}") = "ColorReaderEventCPP", "cpp-api\ColorReaderEventCPP\ColorReaderEventCPP.vcxproj", "{307C8A4E-3EEE-3554-A34A-713203F75D14}"
	ProjectSection(ProjectDependencies) = postProject
		{51C927C7-43D8-45E9-ABA1-036682A3FF1B} = {51C927C7-43D8-45E9-ABA1-036682A3FF1B}
	EndProjectSection
EndProject
Project("{8BC9CEB8-8B4A-11D0-8D11-00A0C91BC942}") = "ColorReaderPoll", "c-api\ColorReaderPoll\ColorReaderPoll.vcxproj", "{8784A0E1-DF85-3DC1-B512-D969158990D6}"
	ProjectSection(ProjectDependencies) = postProject
		{51C927C7-43D8-45E9-ABA1-036682A3FF1B} = {51C927C7-43D8-45E9-ABA1-036682A3FF1B}
	EndProjectSection
EndProject
Project("{8BC9CEB8-8B4A-11D0-8D11-00A0C91BC942}") = "ColorizedBodyViewer-SFML", "sfml\ColorizedBodyViewer-SFML\ColorizedBodyViewer-SFML.vcxproj", "{B5D3EC3B-6AB6-38FF-BB8B-A89F2956FA9A}"
	ProjectSection(ProjectDependencies) = postProject
		{51C927C7-43D8-45E9-ABA1-036682A3FF1B} = {51C927C7-43D8-45E9-ABA1-036682A3FF1B}
	EndProjectSection
EndProject
Project("{8BC9CEB8-8B4A-11D0-8D11-00A0C91BC942}") = "DepthReaderEvent", "c-api\DepthReaderEvent\DepthReaderEvent.vcxproj", "{93CAF843-DAF9-4F83-B54A-5540ACF9DD42}"
	ProjectSection(ProjectDependencies) = postProject
		{51C927C7-43D8-45E9-ABA1-036682A3FF1B} = {51C927C7-43D8-45E9-ABA1-036682A3FF1B}
	EndProjectSection
EndProject
Project("{8BC9CEB8-8B4A-11D0-8D11-00A0C91BC942}") = "DepthReaderEventCPP", "cpp-api\DepthReaderEventCPP\DepthReaderEventCPP.vcxproj", "{5E31AE8B-5919-3B32-BB4B-A4E35DA7E0A9}"
	ProjectSection(ProjectDependencies) = postProject
		{51C927C7-43D8-45E9-ABA1-036682A3FF1B} = {51C927C7-43D8-45E9-ABA1-036682A3FF1B}
	EndProjectSection
EndProject
Project("{8BC9CEB8-8B4A-11D0-8D11-00A0C91BC942}") = "DepthReaderPoll", "c-api\DepthReaderPoll\DepthReaderPoll.vcxproj", "{B3C86F50-4BB8-306A-95E4-A3A473F6D489}"
	ProjectSection(ProjectDependencies) = postProject
		{51C927C7-43D8-45E9-ABA1-036682A3FF1B} = {51C927C7-43D8-45E9-ABA1-036682A3FF1B}
	EndProjectSection
EndProject
Project("{8BC9CEB8-8B4A-11D0-8D11-00A0C91BC942}") = "InfraredColorReaderEvent", "c-api\InfraredColorReaderEvent\InfraredColorReaderEvent.vcxproj", "{0FED8566-F94E-3A56-91DF-C50E795764B2}"
	ProjectSection(ProjectDependencies) = postProject
		{51C927C7-43D8-45E9-ABA1-036682A3FF1B} = {51C927C7-43D8-45E9-ABA1-036682A3FF1B}
	EndProjectSection
EndProject
Project("{8BC9CEB8-8B4A-11D0-8D11-00A0C91BC942}") = "InfraredReaderEvent", "c-api\InfraredReaderEvent\InfraredReaderEvent.vcxproj", "{6FC693FD-B3C3-34A8-BA3C-25C81CFDAB8F}"
	ProjectSection(ProjectDependencies) = postProject
		{51C927C7-43D8-45E9-ABA1-036682A3FF1B} = {51C927C7-43D8-45E9-ABA1-036682A3FF1B}
	EndProjectSection
EndProject
Project("{8BC9CEB8-8B4A-11D0-8D11-00A0C91BC942}") = "InfraredReaderPoll", "c-api\InfraredReaderPoll\InfraredReaderPoll.vcxproj", "{64C52619-7E9C-397E-A126-5D698FD3F0EB}"
	ProjectSection(ProjectDependencies) = postProject
		{51C927C7-43D8-45E9-ABA1-036682A3FF1B} = {51C927C7-43D8-45E9-ABA1-036682A3FF1B}
	EndProjectSection
EndProject
Project("{8BC9CEB8-8B4A-11D0-8D11-00A0C91BC942}") = "MaskedColorViewer-SFML", "sfml\MaskedColorViewer-SFML\MaskedColorViewer-SFML.vcxproj", "{7731549A-6F71-313F-AAEF-DA5BFBE9FA08}"
	ProjectSection(ProjectDependencies) = postProject
		{51C927C7-43D8-45E9-ABA1-036682A3FF1B} = {51C927C7-43D8-45E9-ABA1-036682A3FF1B}
	EndProjectSection
EndProject
Project("{8BC9CEB8-8B4A-11D0-8D11-00A0C91BC942}") = "MultiSensorViewer-SFML", "sfml\MultiSensorViewer-SFML\MultiSensorViewer-SFML.vcxproj", "{95A68AB0-3B31-3567-8413-64AEA2BB2414}"
	ProjectSection(ProjectDependencies) = postProject
		{51C927C7-43D8-45E9-ABA1-036682A3FF1B} = {51C927C7-43D8-45E9-ABA1-036682A3FF1B}
	EndProjectSection
EndProject
Project("{8BC9CEB8-8B4A-11D0-8D11-00A0C91BC942}") = "SimpleBodyViewer-SFML", "sfml\SimpleBodyViewer-SFML\SimpleBodyViewer-SFML.vcxproj", "{9E3290C5-6AB5-343A-BE58-C3406D61CBE4}"
	ProjectSection(ProjectDependencies) = postProject
		{51C927C7-43D8-45E9-ABA1-036682A3FF1B} = {51C927C7-43D8-45E9-ABA1-036682A3FF1B}
	EndProjectSection
EndProject
Project("{8BC9CEB8-8B4A-11D0-8D11-00A0C91BC942}") = "SimpleColorViewer-SFML", "sfml\SimpleColorViewer-SFML\SimpleColorViewer-SFML.vcxproj", "{38F0174C-F374-34B5-A7AD-B4CDD022F655}"
	ProjectSection(ProjectDependencies) = postProject
		{51C927C7-43D8-45E9-ABA1-036682A3FF1B} = {51C927C7-43D8-45E9-ABA1-036682A3FF1B}
	EndProjectSection
EndProject
Project("{8BC9CEB8-8B4A-11D0-8D11-00A0C91BC942}") = "SimpleDepthViewer-SFML", "sfml\SimpleDepthViewer-SFML\SimpleDepthViewer-SFML.vcxproj", "{E02C1FA7-ED16-3074-ADB9-FB973E49B147}"
	ProjectSection(ProjectDependencies) = postProject
		{51C927C7-43D8-45E9-ABA1-036682A3FF1B} = {51C927C7-43D8-45E9-ABA1-036682A3FF1B}
	EndProjectSection
EndProject
Project("{8BC9CEB8-8B4A-11D0-8D11-00A0C91BC942}") = "SimpleStreamViewer-SFML", "sfml\SimpleStreamViewer-SFML\SimpleStreamViewer-SFML.vcxproj", "{F74FCB98-CF2E-3639-80C3-66A4C98FB5BE}"
	ProjectSection(ProjectDependencies) = postProject
		{51C927C7-43D8-45E9-ABA1-036682A3FF1B} = {51C927C7-43D8-45E9-ABA1-036682A3FF1B}
	EndProjectSection
EndProject
Section
EndProject
Global
	GlobalSection(SolutionConfigurationPlatforms) = preSolution
		Debug|x64 = Debug|x64
		Release|x64 = Release|x64
	EndGlobalSection
	GlobalSection(ProjectConfigurationPlatforms) = postSolution
		{CD18C883-1F1B-4DE7-B2DB-A0F2515F7EAB}.Debug|x64.ActiveCfg = Debug|x64
		{CD18C883-1F1B-4DE7-B2DB-A0F2515F7EAB}.Release|x64.ActiveCfg = Release|x64
		{313C4D0F-4AAD-3522-A9BA-086BB04FFB87}.Debug|x64.ActiveCfg = Debug|x64
		{313C4D0F-4AAD-3522-A9BA-086BB04FFB87}.Debug|x64.Build.0 = Debug|x64
		{313C4D0F-4AAD-3522-A9BA-086BB04FFB87}.Release|x64.ActiveCfg = Release|x64
		{313C4D0F-4AAD-3522-A9BA-086BB04FFB87}.Release|x64.Build.0 = Release|x64
		{60026891-EE7E-3340-B51F-6BD0DEE7D07D}.Debug|x64.ActiveCfg = Debug|x64
		{60026891-EE7E-3340-B51F-6BD0DEE7D07D}.Debug|x64.Build.0 = Debug|x64
		{60026891-EE7E-3340-B51F-6BD0DEE7D07D}.Release|x64.ActiveCfg = Release|x64
		{60026891-EE7E-3340-B51F-6BD0DEE7D07D}.Release|x64.Build.0 = Release|x64
		{307C8A4E-3EEE-3554-A34A-713203F75D14}.Debug|x64.ActiveCfg = Debug|x64
		{307C8A4E-3EEE-3554-A34A-713203F75D14}.Debug|x64.Build.0 = Debug|x64
		{307C8A4E-3EEE-3554-A34A-713203F75D14}.Release|x64.ActiveCfg = Release|x64
		{307C8A4E-3EEE-3554-A34A-713203F75D14}.Release|x64.Build.0 = Release|x64
		{8784A0E1-DF85-3DC1-B512-D969158990D6}.Debug|x64.ActiveCfg = Debug|x64
		{8784A0E1-DF85-3DC1-B512-D969158990D6}.Debug|x64.Build.0 = Debug|x64
		{8784A0E1-DF85-3DC1-B512-D969158990D6}.Release|x64.ActiveCfg = Release|x64
		{8784A0E1-DF85-3DC1-B512-D969158990D6}.Release|x64.Build.0 = Release|x64
		{B5D3EC3B-6AB6-38FF-BB8B-A89F2956FA9A}.Debug|x64.ActiveCfg = Debug|x64
		{B5D3EC3B-6AB6-38FF-BB8B-A89F2956FA9A}.Debug|x64.Build.0 = Debug|x64
		{B5D3EC3B-6AB6-38FF-BB8B-A89F2956FA9A}.Release|x64.ActiveCfg = Release|x64
		{B5D3EC3B-6AB6-38FF-BB8B-A89F2956FA9A}.Release|x64.Build.0 = Release|x64
		{93CAF843-DAF9-4F83-B54A-5540ACF9DD42}.Debug|x64.ActiveCfg = Debug|x64
		{93CAF843-DAF9-4F83-B54A-5540ACF9DD42}.Debug|x64.Build.0 = Debug|x64
		{93CAF843-DAF9-4F83-B54A-5540ACF9DD42}.Release|x64.ActiveCfg = Release|x64
		{93CAF843-DAF9-4F83-B54A-5540ACF9DD42}.Release|x64.Build.0 = Release|x64
		{5E31AE8B-5919-3B32-BB4B-A4E35DA7E0A9}.Debug|x64.ActiveCfg = Debug|x64
		{5E31AE8B-5919-3B32-BB4B-A4E35DA7E0A9}.Debug|x64.Build.0 = Debug|x64
		{5E31AE8B-5919-3B32-BB4B-A4E35DA7E0A9}.Release|x64.ActiveCfg = Release|x64
		{5E31AE8B-5919-3B32-BB4B-A4E35DA7E0A9}.Release|x64.Build.0 = Release|x64
		{B3C86F50-4BB8-306A-95E4-A3A473F6D489}.Debug|x64.ActiveCfg = Debug|x64
		{B3C86F50-4BB8-306A-95E4-A3A473F6D489}.Debug|x64.Build.0 = Debug|x64
		{B3C86F50-4BB8-306A-95E4-A3A473F6D489}.Release|x64.ActiveCfg = Release|x64
		{B3C86F50-4BB8-306A-95E4-A3A473F6D489}.Release|x64.Build.0 = Release|x64
		{0FED8566-F94E-3A56-91DF-C50E795764B2}.Debug|x64.ActiveCfg = Debug|x64
		{0FED8566-F94E-3A56-91DF-C50E795764B2}.Debug|x64.Build.0 = Debug|x64
		{0FED8566-F94E-3A56-91DF-C50E795764B2}.Release|x64.ActiveCfg = Release|x64
		{0FED8566-F94E-3A56-91DF-C50E795764B2}.Release|x64.Build.0 = Release|x64
		{6FC693FD-B3C3-34A8-BA3C-25C81CFDAB8F}.Debug|x64.ActiveCfg = Debug|x64
		{6FC693FD-B3C3-34A8-BA3C-25C81CFDAB8F}.Debug|x64.Build.0 = Debug|x64
		{6FC693FD-B3C3-34A8-BA3C-25C81CFDAB8F}.Release|x64.ActiveCfg = Release|x64
		{6FC693FD-B3C3-34A8-BA3C-25C81CFDAB8F}.Release|x64.Build.0 = Release|x64
		{64C52619-7E9C-397E-A126-5D698FD3F0EB}.Debug|x64.ActiveCfg = Debug|x64
		{64C52619-7E9C-397E-A126-5D698FD3F0EB}.Debug|x64.Build.0 = Debug|x64
		{64C52619-7E9C-397E-A126-5D698FD3F0EB}.Release|x64.ActiveCfg = Release|x64
		{64C52619-7E9C-397E-A126-5D698FD3F0EB}.Release|x64.Build.0 = Release|x64
		{7731549A-6F71-313F-AAEF-DA5BFBE9FA08}.Debug|x64.ActiveCfg = Debug|x64
		{7731549A-6F71-313F-AAEF-DA5BFBE9FA08}.Debug|x64.Build.0 = Debug|x64
		{7731549A-6F71-313F-AAEF-DA5BFBE9FA08}.Release|x64.ActiveCfg = Release|x64
		{7731549A-6F71-313F-AAEF-DA5BFBE9FA08}.Release|x64.Build.0 = Release|x64
		{95A68AB0-3B31-3567-8413-64AEA2BB2414}.Debug|x64.ActiveCfg = Debug|x64
		{95A68AB0-3B31-3567-8413-64AEA2BB2414}.Debug|x64.Build.0 = Debug|x64
		{95A68AB0-3B31-3567-8413-64AEA2BB2414}.Release|x64.ActiveCfg = Release|x64
		{95A68AB0-3B31-3567-8413-64AEA2BB2414}.Release|x64.Build.0 = Release|x64
		{9E3290C5-6AB5-343A-BE58-C3406D61CBE4}.Debug|x64.ActiveCfg = Debug|x64
		{9E3290C5-6AB5-343A-BE58-C3406D61CBE4}.Debug|x64.Build.0 = Debug|x64
		{9E3290C5-6AB5-343A-BE58-C3406D61CBE4}.Release|x64.ActiveCfg = Release|x64
		{9E3290C5-6AB5-343A-BE58-C3406D61CBE4}.Release|x64.Build.0 = Release|x64
		{38F0174C-F374-34B5-A7AD-B4CDD022F655}.Debug|x64.ActiveCfg = Debug|x64
		{38F0174C-F374-34B5-A7AD-B4CDD022F655}.Debug|x64.Build.0 = Debug|x64
		{38F0174C-F374-34B5-A7AD-B4CDD022F655}.Release|x64.ActiveCfg = Release|x64
		{38F0174C-F374-34B5-A7AD-B4CDD022F655}.Release|x64.Build.0 = Release|x64
		{E02C1FA7-ED16-3074-ADB9-FB973E49B147}.Debug|x64.ActiveCfg = Debug|x64
		{E02C1FA7-ED16-3074-ADB9-FB973E49B147}.Debug|x64.Build.0 = Debug|x64
		{E02C1FA7-ED16-3074-ADB9-FB973E49B147}.Release|x64.ActiveCfg = Release|x64
		{E02C1FA7-ED16-3074-ADB9-FB973E49B147}.Release|x64.Build.0 = Release|x64
		{F74FCB98-CF2E-3639-80C3-66A4C98FB5BE}.Debug|x64.ActiveCfg = Debug|x64
		{F74FCB98-CF2E-3639-80C3-66A4C98FB5BE}.Debug|x64.Build.0 = Debug|x64
		{F74FCB98-CF2E-3639-80C3-66A4C98FB5BE}.Release|x64.ActiveCfg = Release|x64
		{F74FCB98-CF2E-3639-80C3-66A4C98FB5BE}.Release|x64.Build.0 = Release|x64
		{51C927C7-43D8-45E9-ABA1-036682A3FF1B}.Debug|x64.ActiveCfg = Debug|x64
		{51C927C7-43D8-45E9-ABA1-036682A3FF1B}.Debug|x64.Build.0 = Debug|x64
		{51C927C7-43D8-45E9-ABA1-036682A3FF1B}.Release|x64.ActiveCfg = Release|x64
		{51C927C7-43D8-45E9-ABA1-036682A3FF1B}.Release|x64.Build.0 = Release|x64
	EndGlobalSection
	GlobalSection(NestedProjects) = preSolution
		{CD18C883-1F1B-4DE7-B2DB-A0F2515F7EAB} = {DB7FC715-D5C4-3EE5-BC39-6AE753B1B69F}
		{51C927C7-43D8-45E9-ABA1-036682A3FF1B} = {DB7FC715-D5C4-3EE5-BC39-6AE753B1B69F}
		{313C4D0F-4AAD-3522-A9BA-086BB04FFB87} = {17FEB8B2-F318-3E9D-A54A-36D4FFAA99E5}
		{60026891-EE7E-3340-B51F-6BD0DEE7D07D} = {17FEB8B2-F318-3E9D-A54A-36D4FFAA99E5}
		{8784A0E1-DF85-3DC1-B512-D969158990D6} = {17FEB8B2-F318-3E9D-A54A-36D4FFAA99E5}
		{93CAF843-DAF9-4F83-B54A-5540ACF9DD42} = {17FEB8B2-F318-3E9D-A54A-36D4FFAA99E5}
		{B3C86F50-4BB8-306A-95E4-A3A473F6D489} = {17FEB8B2-F318-3E9D-A54A-36D4FFAA99E5}
		{0FED8566-F94E-3A56-91DF-C50E795764B2} = {17FEB8B2-F318-3E9D-A54A-36D4FFAA99E5}
		{6FC693FD-B3C3-34A8-BA3C-25C81CFDAB8F} = {17FEB8B2-F318-3E9D-A54A-36D4FFAA99E5}
		{64C52619-7E9C-397E-A126-5D698FD3F0EB} = {17FEB8B2-F318-3E9D-A54A-36D4FFAA99E5}
		{307C8A4E-3EEE-3554-A34A-713203F75D14} = {C3CAEB4B-099F-3A21-8DEB-C7538F3DF983}
		{5E31AE8B-5919-3B32-BB4B-A4E35DA7E0A9} = {C3CAEB4B-099F-3A21-8DEB-C7538F3DF983}
		{B5D3EC3B-6AB6-38FF-BB8B-A89F2956FA9A} = {49441A21-F2B9-307C-A17E-06873DD0D484}
		{7731549A-6F71-313F-AAEF-DA5BFBE9FA08} = {49441A21-F2B9-307C-A17E-06873DD0D484}
		{95A68AB0-3B31-3567-8413-64AEA2BB2414} = {49441A21-F2B9-307C-A17E-06873DD0D484}
		{9E3290C5-6AB5-343A-BE58-C3406D61CBE4} = {49441A21-F2B9-307C-A17E-06873DD0D484}
		{38F0174C-F374-34B5-A7AD-B4CDD022F655} = {49441A21-F2B9-307C-A17E-06873DD0D484}
		{E02C1FA7-ED16-3074-ADB9-FB973E49B147} = {49441A21-F2B9-307C-A17E-06873DD0D484}
		{F74FCB98-CF2E-3639-80C3-66A4C98FB5BE} = {49441A21-F2B9-307C-A17E-06873DD0D484}
	EndGlobalSection
	GlobalSection(ExtensibilityGlobals) = postSolution
		SolutionGuid = {9FB427D6-62A2-3831-A70B-6E9A0CAD1758}
	EndGlobalSection
	GlobalSection(ExtensibilityAddIns) = postSolution
	EndGlobalSection
EndGlobal